// !$*UTF8*$!
{
	archiveVersion = 1;
	classes = {
	};
	objectVersion = 56;
	objects = {

/* Begin PBXBuildFile section */
		999A028D4380B7760C1380FF /* AnalyticsViewModel.swift in Sources */ = {isa = PBXBuildFile; fileRef = 3C6E1436420A1ADBDA22757E /* AnalyticsViewModel.swift */; };
		48EBD487BB2D3EAF525F86CC /* AppDelegate.swift in Sources */ = {isa = PBXBuildFile; fileRef = 447E27040259063DAA9CB1EF /* AppDelegate.swift */; };
		94D46EF07D803F2804B076B0 /* AppearanceModel.swift in Sources */ = {isa = PBXBuildFile; fileRef = 5AA41C3F1B9DE7661CCF7B7A /* AppearanceModel.swift */; };
		068944F0A909036593638CC1 /* CampaignViewModels.swift in Sources */ = {isa = PBXBuildFile; fileRef = CC255F15C17C3B975CFB2BC4 /* CampaignViewModels.swift */; };
		82CD25F30A8D43F6125DC26B /* FeatureModels.swift in Sources */ = {isa = PBXBuildFile; fileRef = 39972EB378BFE723E62921A0 /* FeatureModels.swift */; };
		3F101C8135A30CFF62CC81EF /* InviteLinkRouter.swift in Sources */ = {isa = PBXBuildFile; fileRef = 847F2EBBEAF16306C9CD88D7 /* InviteLinkRouter.swift */; };
		A97B2439051C136B532A821D /* MessageNotificationManager.swift in Sources */ = {isa = PBXBuildFile; fileRef = 5C8B0868CF14D5068D98ACED /* MessageNotificationManager.swift */; };
		8C8081511BC03481914DB0FC /* OnboardingCoordinator.swift in Sources */ = {isa = PBXBuildFile; fileRef = E4238FD9D101D4C1076F22AD /* OnboardingCoordinator.swift */; };
		BA540F1273CB384669C32398 /* SegmentViewModels.swift in Sources */ = {isa = PBXBuildFile; fileRef = B26F90D00127D14FE65D4E3E /* SegmentViewModels.swift */; };
		7002204D5D9B5E9C5EF420F7 /* SessionModel.swift in Sources */ = {isa = PBXBuildFile; fileRef = C1A2D306EDCBCC1677FC3DC4 /* SessionModel.swift */; };
		970D5094F937CE9C0122997D /* TeamActivityModels.swift in Sources */ = {isa = PBXBuildFile; fileRef = 81EE35854474BF43CAD03C90 /* TeamActivityModels.swift */; };
		AE78437F5E7096DBFB16ACCC /* ViciInboxApp.swift in Sources */ = {isa = PBXBuildFile; fileRef = B8C4E8686C525E80F6D0959C /* ViciInboxApp.swift */; };
		CECB41CF3185F6A600E44961 /* APIClient.swift in Sources */ = {isa = PBXBuildFile; fileRef = F9CF9E95EEA9899BB91B4BC4 /* APIClient.swift */; };
		515447AE1672E23D1520326C /* AccountModels.swift in Sources */ = {isa = PBXBuildFile; fileRef = B52032187A64C7FB48FAA0BF /* AccountModels.swift */; };
		9A7480CC9E78E9ADB80665BB /* AnalyticsModels.swift in Sources */ = {isa = PBXBuildFile; fileRef = AEE4B8DC98D5DF7F30042D7B /* AnalyticsModels.swift */; };
		672C1BDF17670AA7D2A4D451 /* AppConfig.swift in Sources */ = {isa = PBXBuildFile; fileRef = 0F149B900F4E19E4142123D9 /* AppConfig.swift */; };
		7F35601AE465969A0F68FEA6 /* AppearanceSchedule.swift in Sources */ = {isa = PBXBuildFile; fileRef = 4463733CB886E325ED288753 /* AppearanceSchedule.swift */; };
		C87378233C9E67E33B80C510 /* CampaignArchiveModels.swift in Sources */ = {isa = PBXBuildFile; fileRef = E228CED8A3A81444D3FBAE50 /* CampaignArchiveModels.swift */; };
		04C4BC64378AAA930FEC3D3D /* CampaignModels.swift in Sources */ = {isa = PBXBuildFile; fileRef = 0E391E86FDD9F919DF0ECA0A /* CampaignModels.swift */; };
		7649D086E62D19440F809802 /* CredentialStore.swift in Sources */ = {isa = PBXBuildFile; fileRef = 285C11288F042740FCF4F46E /* CredentialStore.swift */; };
		7FAFE4677ADC99E895C5821E /* ExperienceModels.swift in Sources */ = {isa = PBXBuildFile; fileRef = 6875AB05D944493C6CDA45A7 /* ExperienceModels.swift */; };
		46B19C536CF21494312C71FA /* Log.swift in Sources */ = {isa = PBXBuildFile; fileRef = 19325CE8AEB5A75468A51A38 /* Log.swift */; };
		AF6FF65118E23D1041031AA5 /* MobileModels.swift in Sources */ = {isa = PBXBuildFile; fileRef = D20048ACF33742E9925F16EA /* MobileModels.swift */; };
		8E122556327637AE89AA0A45 /* NotificationSettingsModels.swift in Sources */ = {isa = PBXBuildFile; fileRef = 2F3E81DD60A61172C3D1A3A1 /* NotificationSettingsModels.swift */; };
		65B3ADF1E77728CBD4B46C0D /* PhotoLibrarySaver.swift in Sources */ = {isa = PBXBuildFile; fileRef = 52E139BCC172D24779CCBF97 /* PhotoLibrarySaver.swift */; };
		5A25774B04D2C7A28F1C35E7 /* SegmentModels.swift in Sources */ = {isa = PBXBuildFile; fileRef = 86799FF5058FCB7200B04BE1 /* SegmentModels.swift */; };
		2394A621C1D33F7C104FBC99 /* SegmentRuleModels.swift in Sources */ = {isa = PBXBuildFile; fileRef = 56127D7565FEE9B0C0910E29 /* SegmentRuleModels.swift */; };
		6D8B6B0E50CAFA9DE92355A8 /* AcceptInvitationView.swift in Sources */ = {isa = PBXBuildFile; fileRef = 9FDDD3E46FDBB4F01257CF1E /* AcceptInvitationView.swift */; };
		407EC1EBA943AF1F9A420D8B /* AccountMenuView.swift in Sources */ = {isa = PBXBuildFile; fileRef = 3AEEB2C10CF5BE34D13D5DC8 /* AccountMenuView.swift */; };
		CE1FBA7A170BF3C01F0834E1 /* ActivityLogView.swift in Sources */ = {isa = PBXBuildFile; fileRef = 07FA4875EDA8E5FB333E978A /* ActivityLogView.swift */; };
		BB204649E2041AAE3E78CDA9 /* AnalyticsView.swift in Sources */ = {isa = PBXBuildFile; fileRef = 3C4E5A7B24B8403BB814872A /* AnalyticsView.swift */; };
		7A5C3535A4F4507AC9EC531F /* CampaignsView.swift in Sources */ = {isa = PBXBuildFile; fileRef = A7CA09EEA3487E7D4D0373BA /* CampaignsView.swift */; };
		BDC9CE853C975D9CCDF874F9 /* ChangePasswordView.swift in Sources */ = {isa = PBXBuildFile; fileRef = 02DB20A9E3363F476BFA4001 /* ChangePasswordView.swift */; };
		BD15BE2659E20B641906312E /* DialerView.swift in Sources */ = {isa = PBXBuildFile; fileRef = F84E1AA8D88F5CD09AF30F41 /* DialerView.swift */; };
		E4CE47A676BBC2265CE7636F /* GrowthView.swift in Sources */ = {isa = PBXBuildFile; fileRef = 73E82F33DD342C8486B83C84 /* GrowthView.swift */; };
		4CC9EC71E0D96C7A1A57FDAF /* InCallView.swift in Sources */ = {isa = PBXBuildFile; fileRef = DC49736FA59417D73D0A9D08 /* InCallView.swift */; };
		A51FB6B875250CD2CFECBB8D /* InboxViews.swift in Sources */ = {isa = PBXBuildFile; fileRef = 2347989C6951378E9FDA1E85 /* InboxViews.swift */; };
		5B0E624CAA9895C3DC976FB9 /* LoginView.swift in Sources */ = {isa = PBXBuildFile; fileRef = 684ACFBD5D68D460E80AEEAC /* LoginView.swift */; };
		2EFE3A83C91B33A5460C5843 /* OnboardingOverlay.swift in Sources */ = {isa = PBXBuildFile; fileRef = E59F0347583693CB980746A9 /* OnboardingOverlay.swift */; };
		C3682140C3F49B1ED06D5922 /* OnboardingSpotlight.swift in Sources */ = {isa = PBXBuildFile; fileRef = 1926FE2DCB25EA0C2B2C4C6A /* OnboardingSpotlight.swift */; };
		98E6A1D5F5A22EC3BE873BCA /* PremiumWelcomeView.swift in Sources */ = {isa = PBXBuildFile; fileRef = BD46DC26C9141CEBC446437B /* PremiumWelcomeView.swift */; };
		1B416C2554E8680E43137CE9 /* ProfileEditorView.swift in Sources */ = {isa = PBXBuildFile; fileRef = D3A57548EB25EECA7F4CFEEF /* ProfileEditorView.swift */; };
		1C708700D74A86EC93453679 /* RecordingPlayerView.swift in Sources */ = {isa = PBXBuildFile; fileRef = 8E5253775E43222B4ED66465 /* RecordingPlayerView.swift */; };
		D356D29D01D82EFDB2B2EB2D /* ResetPasswordView.swift in Sources */ = {isa = PBXBuildFile; fileRef = 6C240314DCFDA7177B0B7BDA /* ResetPasswordView.swift */; };
		2A49F6C3D66A710FE0DE2D3C /* RootView.swift in Sources */ = {isa = PBXBuildFile; fileRef = FCDF3A51A63AD26FC2585DEB /* RootView.swift */; };
		C27266D64DD4254A98645704 /* SegmentDetailView.swift in Sources */ = {isa = PBXBuildFile; fileRef = BD13E351F66EFC9CDBBA107C /* SegmentDetailView.swift */; };
		B578A7B91BDAA7B700D40B74 /* SegmentRuleBuilderView.swift in Sources */ = {isa = PBXBuildFile; fileRef = 73597479B734B73F25854029 /* SegmentRuleBuilderView.swift */; };
		8D64FCB9E605A013D0064675 /* SegmentsView.swift in Sources */ = {isa = PBXBuildFile; fileRef = 83F833ED5A4C9F7193A60FB7 /* SegmentsView.swift */; };
		74DD34D116DB7C41A94E4999 /* SettingsView.swift in Sources */ = {isa = PBXBuildFile; fileRef = DCFE2F1EF25AE7F2F59753A6 /* SettingsView.swift */; };
		A876920F5ABCD8007FFADFA9 /* TeamView.swift in Sources */ = {isa = PBXBuildFile; fileRef = 1885CD5B99B42947AAC096CC /* TeamView.swift */; };
		825B8FD52CDA4405E4019C7B /* Theme.swift in Sources */ = {isa = PBXBuildFile; fileRef = 2A571897E3D65CD158FDBD81 /* Theme.swift */; };
		54C9934EDDD806AEFB40BDB7 /* WorkspaceViews.swift in Sources */ = {isa = PBXBuildFile; fileRef = 1A4F82F82C68A3486C884196 /* WorkspaceViews.swift */; };
		2B5CDA794B004A857D5E4E5A /* CallKitCoordinator.swift in Sources */ = {isa = PBXBuildFile; fileRef = 23DEE7966E5D5682DBBCE79F /* CallKitCoordinator.swift */; };
		B96C7CA9A795A823B293C74E /* CallModels.swift in Sources */ = {isa = PBXBuildFile; fileRef = 7CE3B0D9381CE8972333135E /* CallModels.swift */; };
		22CF206CC1A92F82751A06CF /* TelnyxVoiceManager.swift in Sources */ = {isa = PBXBuildFile; fileRef = A526D671850F1D501CB12EA2 /* TelnyxVoiceManager.swift */; };
		1BB778EFCA135BD7AFD325DF /* Assets.xcassets in Resources */ = {isa = PBXBuildFile; fileRef = F822BC8AF24A7486E7783053 /* Assets.xcassets */; };
		05615C03B32EDD818CC516F9 /* telnyx-webrtc-ios in Frameworks */ = {isa = PBXBuildFile; productRef = 30FD16C8FEEF751AEF8AC830 /* telnyx-webrtc-ios */; };
/* End PBXBuildFile section */

/* Begin PBXFileReference section */
		38A007151ABE87CC01A5B6E9 /* Vici Inbox.app */ = {isa = PBXFileReference; explicitFileType = wrapper.application; includeInIndex = 0; path = "Vici Inbox.app"; sourceTree = BUILT_PRODUCTS_DIR; };
		3C6E1436420A1ADBDA22757E /* AnalyticsViewModel.swift */ = {isa = PBXFileReference; lastKnownFileType = sourcecode.swift; path = AnalyticsViewModel.swift; sourceTree = "<group>"; };
		447E27040259063DAA9CB1EF /* AppDelegate.swift */ = {isa = PBXFileReference; lastKnownFileType = sourcecode.swift; path = AppDelegate.swift; sourceTree = "<group>"; };
		5AA41C3F1B9DE7661CCF7B7A /* AppearanceModel.swift */ = {isa = PBXFileReference; lastKnownFileType = sourcecode.swift; path = AppearanceModel.swift; sourceTree = "<group>"; };
		CC255F15C17C3B975CFB2BC4 /* CampaignViewModels.swift */ = {isa = PBXFileReference; lastKnownFileType = sourcecode.swift; path = CampaignViewModels.swift; sourceTree = "<group>"; };
		39972EB378BFE723E62921A0 /* FeatureModels.swift */ = {isa = PBXFileReference; lastKnownFileType = sourcecode.swift; path = FeatureModels.swift; sourceTree = "<group>"; };
		847F2EBBEAF16306C9CD88D7 /* InviteLinkRouter.swift */ = {isa = PBXFileReference; lastKnownFileType = sourcecode.swift; path = InviteLinkRouter.swift; sourceTree = "<group>"; };
		5C8B0868CF14D5068D98ACED /* MessageNotificationManager.swift */ = {isa = PBXFileReference; lastKnownFileType = sourcecode.swift; path = MessageNotificationManager.swift; sourceTree = "<group>"; };
		E4238FD9D101D4C1076F22AD /* OnboardingCoordinator.swift */ = {isa = PBXFileReference; lastKnownFileType = sourcecode.swift; path = OnboardingCoordinator.swift; sourceTree = "<group>"; };
		B26F90D00127D14FE65D4E3E /* SegmentViewModels.swift */ = {isa = PBXFileReference; lastKnownFileType = sourcecode.swift; path = SegmentViewModels.swift; sourceTree = "<group>"; };
		C1A2D306EDCBCC1677FC3DC4 /* SessionModel.swift */ = {isa = PBXFileReference; lastKnownFileType = sourcecode.swift; path = SessionModel.swift; sourceTree = "<group>"; };
		81EE35854474BF43CAD03C90 /* TeamActivityModels.swift */ = {isa = PBXFileReference; lastKnownFileType = sourcecode.swift; path = TeamActivityModels.swift; sourceTree = "<group>"; };
		B8C4E8686C525E80F6D0959C /* ViciInboxApp.swift */ = {isa = PBXFileReference; lastKnownFileType = sourcecode.swift; path = ViciInboxApp.swift; sourceTree = "<group>"; };
		F9CF9E95EEA9899BB91B4BC4 /* APIClient.swift */ = {isa = PBXFileReference; lastKnownFileType = sourcecode.swift; path = APIClient.swift; sourceTree = "<group>"; };
		B52032187A64C7FB48FAA0BF /* AccountModels.swift */ = {isa = PBXFileReference; lastKnownFileType = sourcecode.swift; path = AccountModels.swift; sourceTree = "<group>"; };
		AEE4B8DC98D5DF7F30042D7B /* AnalyticsModels.swift */ = {isa = PBXFileReference; lastKnownFileType = sourcecode.swift; path = AnalyticsModels.swift; sourceTree = "<group>"; };
		0F149B900F4E19E4142123D9 /* AppConfig.swift */ = {isa = PBXFileReference; lastKnownFileType = sourcecode.swift; path = AppConfig.swift; sourceTree = "<group>"; };
		4463733CB886E325ED288753 /* AppearanceSchedule.swift */ = {isa = PBXFileReference; lastKnownFileType = sourcecode.swift; path = AppearanceSchedule.swift; sourceTree = "<group>"; };
		E228CED8A3A81444D3FBAE50 /* CampaignArchiveModels.swift */ = {isa = PBXFileReference; lastKnownFileType = sourcecode.swift; path = CampaignArchiveModels.swift; sourceTree = "<group>"; };
		0E391E86FDD9F919DF0ECA0A /* CampaignModels.swift */ = {isa = PBXFileReference; lastKnownFileType = sourcecode.swift; path = CampaignModels.swift; sourceTree = "<group>"; };
		285C11288F042740FCF4F46E /* CredentialStore.swift */ = {isa = PBXFileReference; lastKnownFileType = sourcecode.swift; path = CredentialStore.swift; sourceTree = "<group>"; };
		6875AB05D944493C6CDA45A7 /* ExperienceModels.swift */ = {isa = PBXFileReference; lastKnownFileType = sourcecode.swift; path = ExperienceModels.swift; sourceTree = "<group>"; };
		19325CE8AEB5A75468A51A38 /* Log.swift */ = {isa = PBXFileReference; lastKnownFileType = sourcecode.swift; path = Log.swift; sourceTree = "<group>"; };
		D20048ACF33742E9925F16EA /* MobileModels.swift */ = {isa = PBXFileReference; lastKnownFileType = sourcecode.swift; path = MobileModels.swift; sourceTree = "<group>"; };
		2F3E81DD60A61172C3D1A3A1 /* NotificationSettingsModels.swift */ = {isa = PBXFileReference; lastKnownFileType = sourcecode.swift; path = NotificationSettingsModels.swift; sourceTree = "<group>"; };
		52E139BCC172D24779CCBF97 /* PhotoLibrarySaver.swift */ = {isa = PBXFileReference; lastKnownFileType = sourcecode.swift; path = PhotoLibrarySaver.swift; sourceTree = "<group>"; };
		86799FF5058FCB7200B04BE1 /* SegmentModels.swift */ = {isa = PBXFileReference; lastKnownFileType = sourcecode.swift; path = SegmentModels.swift; sourceTree = "<group>"; };
		56127D7565FEE9B0C0910E29 /* SegmentRuleModels.swift */ = {isa = PBXFileReference; lastKnownFileType = sourcecode.swift; path = SegmentRuleModels.swift; sourceTree = "<group>"; };
		9FDDD3E46FDBB4F01257CF1E /* AcceptInvitationView.swift */ = {isa = PBXFileReference; lastKnownFileType = sourcecode.swift; path = AcceptInvitationView.swift; sourceTree = "<group>"; };
		3AEEB2C10CF5BE34D13D5DC8 /* AccountMenuView.swift */ = {isa = PBXFileReference; lastKnownFileType = sourcecode.swift; path = AccountMenuView.swift; sourceTree = "<group>"; };
		07FA4875EDA8E5FB333E978A /* ActivityLogView.swift */ = {isa = PBXFileReference; lastKnownFileType = sourcecode.swift; path = ActivityLogView.swift; sourceTree = "<group>"; };
		3C4E5A7B24B8403BB814872A /* AnalyticsView.swift */ = {isa = PBXFileReference; lastKnownFileType = sourcecode.swift; path = AnalyticsView.swift; sourceTree = "<group>"; };
		A7CA09EEA3487E7D4D0373BA /* CampaignsView.swift */ = {isa = PBXFileReference; lastKnownFileType = sourcecode.swift; path = CampaignsView.swift; sourceTree = "<group>"; };
		02DB20A9E3363F476BFA4001 /* ChangePasswordView.swift */ = {isa = PBXFileReference; lastKnownFileType = sourcecode.swift; path = ChangePasswordView.swift; sourceTree = "<group>"; };
		F84E1AA8D88F5CD09AF30F41 /* DialerView.swift */ = {isa = PBXFileReference; lastKnownFileType = sourcecode.swift; path = DialerView.swift; sourceTree = "<group>"; };
		73E82F33DD342C8486B83C84 /* GrowthView.swift */ = {isa = PBXFileReference; lastKnownFileType = sourcecode.swift; path = GrowthView.swift; sourceTree = "<group>"; };
		DC49736FA59417D73D0A9D08 /* InCallView.swift */ = {isa = PBXFileReference; lastKnownFileType = sourcecode.swift; path = InCallView.swift; sourceTree = "<group>"; };
		2347989C6951378E9FDA1E85 /* InboxViews.swift */ = {isa = PBXFileReference; lastKnownFileType = sourcecode.swift; path = InboxViews.swift; sourceTree = "<group>"; };
		684ACFBD5D68D460E80AEEAC /* LoginView.swift */ = {isa = PBXFileReference; lastKnownFileType = sourcecode.swift; path = LoginView.swift; sourceTree = "<group>"; };
		E59F0347583693CB980746A9 /* OnboardingOverlay.swift */ = {isa = PBXFileReference; lastKnownFileType = sourcecode.swift; path = OnboardingOverlay.swift; sourceTree = "<group>"; };
		1926FE2DCB25EA0C2B2C4C6A /* OnboardingSpotlight.swift */ = {isa = PBXFileReference; lastKnownFileType = sourcecode.swift; path = OnboardingSpotlight.swift; sourceTree = "<group>"; };
		BD46DC26C9141CEBC446437B /* PremiumWelcomeView.swift */ = {isa = PBXFileReference; lastKnownFileType = sourcecode.swift; path = PremiumWelcomeView.swift; sourceTree = "<group>"; };
		D3A57548EB25EECA7F4CFEEF /* ProfileEditorView.swift */ = {isa = PBXFileReference; lastKnownFileType = sourcecode.swift; path = ProfileEditorView.swift; sourceTree = "<group>"; };
		8E5253775E43222B4ED66465 /* RecordingPlayerView.swift */ = {isa = PBXFileReference; lastKnownFileType = sourcecode.swift; path = RecordingPlayerView.swift; sourceTree = "<group>"; };
		6C240314DCFDA7177B0B7BDA /* ResetPasswordView.swift */ = {isa = PBXFileReference; lastKnownFileType = sourcecode.swift; path = ResetPasswordView.swift; sourceTree = "<group>"; };
		FCDF3A51A63AD26FC2585DEB /* RootView.swift */ = {isa = PBXFileReference; lastKnownFileType = sourcecode.swift; path = RootView.swift; sourceTree = "<group>"; };
		BD13E351F66EFC9CDBBA107C /* SegmentDetailView.swift */ = {isa = PBXFileReference; lastKnownFileType = sourcecode.swift; path = SegmentDetailView.swift; sourceTree = "<group>"; };
		73597479B734B73F25854029 /* SegmentRuleBuilderView.swift */ = {isa = PBXFileReference; lastKnownFileType = sourcecode.swift; path = SegmentRuleBuilderView.swift; sourceTree = "<group>"; };
		83F833ED5A4C9F7193A60FB7 /* SegmentsView.swift */ = {isa = PBXFileReference; lastKnownFileType = sourcecode.swift; path = SegmentsView.swift; sourceTree = "<group>"; };
		DCFE2F1EF25AE7F2F59753A6 /* SettingsView.swift */ = {isa = PBXFileReference; lastKnownFileType = sourcecode.swift; path = SettingsView.swift; sourceTree = "<group>"; };
		1885CD5B99B42947AAC096CC /* TeamView.swift */ = {isa = PBXFileReference; lastKnownFileType = sourcecode.swift; path = TeamView.swift; sourceTree = "<group>"; };
		2A571897E3D65CD158FDBD81 /* Theme.swift */ = {isa = PBXFileReference; lastKnownFileType = sourcecode.swift; path = Theme.swift; sourceTree = "<group>"; };
		1A4F82F82C68A3486C884196 /* WorkspaceViews.swift */ = {isa = PBXFileReference; lastKnownFileType = sourcecode.swift; path = WorkspaceViews.swift; sourceTree = "<group>"; };
		23DEE7966E5D5682DBBCE79F /* CallKitCoordinator.swift */ = {isa = PBXFileReference; lastKnownFileType = sourcecode.swift; path = CallKitCoordinator.swift; sourceTree = "<group>"; };
		7CE3B0D9381CE8972333135E /* CallModels.swift */ = {isa = PBXFileReference; lastKnownFileType = sourcecode.swift; path = CallModels.swift; sourceTree = "<group>"; };
		A526D671850F1D501CB12EA2 /* TelnyxVoiceManager.swift */ = {isa = PBXFileReference; lastKnownFileType = sourcecode.swift; path = TelnyxVoiceManager.swift; sourceTree = "<group>"; };
		F822BC8AF24A7486E7783053 /* Assets.xcassets */ = {isa = PBXFileReference; lastKnownFileType = folder.assetcatalog; path = Assets.xcassets; sourceTree = "<group>"; };
		B58E711A7827484F4718A534 /* Info.plist */ = {isa = PBXFileReference; lastKnownFileType = text.plist.xml; path = Info.plist; sourceTree = "<group>"; };
		EAAF111E9DDE967BCB5A6279 /* ViciInbox.entitlements */ = {isa = PBXFileReference; lastKnownFileType = text.plist.entitlements; path = ViciInbox.entitlements; sourceTree = "<group>"; };
/* End PBXFileReference section */

/* Begin PBXFrameworksBuildPhase section */
		019BAB185F97B56993A7087D /* Frameworks */ = {
			isa = PBXFrameworksBuildPhase;
			buildActionMask = 2147483647;
			files = (
				05615C03B32EDD818CC516F9 /* telnyx-webrtc-ios in Frameworks */,
			);
			runOnlyForDeploymentPostprocessing = 0;
		};
/* End PBXFrameworksBuildPhase section */

/* Begin PBXGroup section */
		361FF3508AF23F4E0CB329EA = {
			isa = PBXGroup;
			children = (
				72A4E8159DA0FAF5F5B01210 /* ViciInbox */,
				31793280A19CDC7880B10A8E /* Products */,
			);
			sourceTree = "<group>";
		};
		31793280A19CDC7880B10A8E /* Products */ = {
			isa = PBXGroup;
			children = (
				38A007151ABE87CC01A5B6E9 /* Vici Inbox.app */,
			);
			name = Products;
			sourceTree = "<group>";
		};
		52B0CA5238A8880EC14961ED /* Resources */ = {
			isa = PBXGroup;
			children = (
				F822BC8AF24A7486E7783053 /* Assets.xcassets */,
				B58E711A7827484F4718A534 /* Info.plist */,
				EAAF111E9DDE967BCB5A6279 /* ViciInbox.entitlements */,
			);
			path = Resources;
			sourceTree = "<group>";
		};
		FF36A4DBA79DCC52999F31A6 /* App */ = {
			isa = PBXGroup;
			children = (
				3C6E1436420A1ADBDA22757E /* AnalyticsViewModel.swift */,
				447E27040259063DAA9CB1EF /* AppDelegate.swift */,
				5AA41C3F1B9DE7661CCF7B7A /* AppearanceModel.swift */,
				CC255F15C17C3B975CFB2BC4 /* CampaignViewModels.swift */,
				39972EB378BFE723E62921A0 /* FeatureModels.swift */,
				847F2EBBEAF16306C9CD88D7 /* InviteLinkRouter.swift */,
				5C8B0868CF14D5068D98ACED /* MessageNotificationManager.swift */,
				E4238FD9D101D4C1076F22AD /* OnboardingCoordinator.swift */,
				B26F90D00127D14FE65D4E3E /* SegmentViewModels.swift */,
				C1A2D306EDCBCC1677FC3DC4 /* SessionModel.swift */,
				81EE35854474BF43CAD03C90 /* TeamActivityModels.swift */,
				B8C4E8686C525E80F6D0959C /* ViciInboxApp.swift */,
			);
			path = App;
			sourceTree = "<group>";
		};
		A44C620988D5EB3D55C67934 /* Core */ = {
			isa = PBXGroup;
			children = (
				F9CF9E95EEA9899BB91B4BC4 /* APIClient.swift */,
				B52032187A64C7FB48FAA0BF /* AccountModels.swift */,
				AEE4B8DC98D5DF7F30042D7B /* AnalyticsModels.swift */,
				0F149B900F4E19E4142123D9 /* AppConfig.swift */,
				4463733CB886E325ED288753 /* AppearanceSchedule.swift */,
				E228CED8A3A81444D3FBAE50 /* CampaignArchiveModels.swift */,
				0E391E86FDD9F919DF0ECA0A /* CampaignModels.swift */,
				285C11288F042740FCF4F46E /* CredentialStore.swift */,
				6875AB05D944493C6CDA45A7 /* ExperienceModels.swift */,
				19325CE8AEB5A75468A51A38 /* Log.swift */,
				D20048ACF33742E9925F16EA /* MobileModels.swift */,
				2F3E81DD60A61172C3D1A3A1 /* NotificationSettingsModels.swift */,
				52E139BCC172D24779CCBF97 /* PhotoLibrarySaver.swift */,
				86799FF5058FCB7200B04BE1 /* SegmentModels.swift */,
				56127D7565FEE9B0C0910E29 /* SegmentRuleModels.swift */,
			);
			path = Core;
			sourceTree = "<group>";
		};
		697370045E04810A74DEA8E0 /* UI */ = {
			isa = PBXGroup;
			children = (
				9FDDD3E46FDBB4F01257CF1E /* AcceptInvitationView.swift */,
				3AEEB2C10CF5BE34D13D5DC8 /* AccountMenuView.swift */,
				07FA4875EDA8E5FB333E978A /* ActivityLogView.swift */,
				3C4E5A7B24B8403BB814872A /* AnalyticsView.swift */,
				A7CA09EEA3487E7D4D0373BA /* CampaignsView.swift */,
				02DB20A9E3363F476BFA4001 /* ChangePasswordView.swift */,
				F84E1AA8D88F5CD09AF30F41 /* DialerView.swift */,
				73E82F33DD342C8486B83C84 /* GrowthView.swift */,
				DC49736FA59417D73D0A9D08 /* InCallView.swift */,
				2347989C6951378E9FDA1E85 /* InboxViews.swift */,
				684ACFBD5D68D460E80AEEAC /* LoginView.swift */,
				E59F0347583693CB980746A9 /* OnboardingOverlay.swift */,
				1926FE2DCB25EA0C2B2C4C6A /* OnboardingSpotlight.swift */,
				BD46DC26C9141CEBC446437B /* PremiumWelcomeView.swift */,
				D3A57548EB25EECA7F4CFEEF /* ProfileEditorView.swift */,
				8E5253775E43222B4ED66465 /* RecordingPlayerView.swift */,
				6C240314DCFDA7177B0B7BDA /* ResetPasswordView.swift */,
				FCDF3A51A63AD26FC2585DEB /* RootView.swift */,
				BD13E351F66EFC9CDBBA107C /* SegmentDetailView.swift */,
				73597479B734B73F25854029 /* SegmentRuleBuilderView.swift */,
				83F833ED5A4C9F7193A60FB7 /* SegmentsView.swift */,
				DCFE2F1EF25AE7F2F59753A6 /* SettingsView.swift */,
				1885CD5B99B42947AAC096CC /* TeamView.swift */,
				2A571897E3D65CD158FDBD81 /* Theme.swift */,
				1A4F82F82C68A3486C884196 /* WorkspaceViews.swift */,
			);
			path = UI;
			sourceTree = "<group>";
		};
		1EE63E45131E064AA2A1C648 /* Voice */ = {
			isa = PBXGroup;
			children = (
				23DEE7966E5D5682DBBCE79F /* CallKitCoordinator.swift */,
				7CE3B0D9381CE8972333135E /* CallModels.swift */,
				A526D671850F1D501CB12EA2 /* TelnyxVoiceManager.swift */,
			);
			path = Voice;
			sourceTree = "<group>";
		};
		72A4E8159DA0FAF5F5B01210 /* ViciInbox */ = {
			isa = PBXGroup;
			children = (
				FF36A4DBA79DCC52999F31A6 /* App */,
				A44C620988D5EB3D55C67934 /* Core */,
				697370045E04810A74DEA8E0 /* UI */,
				1EE63E45131E064AA2A1C648 /* Voice */,
				52B0CA5238A8880EC14961ED /* Resources */,
			);
			path = ViciInbox;
			sourceTree = "<group>";
		};
/* End PBXGroup section */

/* Begin PBXNativeTarget section */
		0E8A3AD980EC179856012B7E /* ViciInbox */ = {
			isa = PBXNativeTarget;
			buildConfigurationList = A886B50DF087AEF7B87CDC65 /* Build configuration list */;
			buildPhases = (
				C2511B36F0F0E810A9E46328 /* Sources */,
				019BAB185F97B56993A7087D /* Frameworks */,
				C2112B99FC6905E49DE55430 /* Resources */,
			);
			buildRules = (
			);
			dependencies = (
			);
			name = ViciInbox;
			packageProductDependencies = (
				30FD16C8FEEF751AEF8AC830 /* telnyx-webrtc-ios */,
			);
			productName = "Vici Inbox";
			productReference = 38A007151ABE87CC01A5B6E9 /* Vici Inbox.app */;
			productType = "com.apple.product-type.application";
		};
/* End PBXNativeTarget section */

/* Begin PBXProject section */
		98F54143AB4E86B28C3AFEE0 /* Project object */ = {
			isa = PBXProject;
			attributes = {
				BuildIndependentTargetsInParallel = 1;
				LastSwiftUpdateCheck = 1600;
				LastUpgradeCheck = 1600;
				TargetAttributes = {
					0E8A3AD980EC179856012B7E = {
						CreatedOnToolsVersion = 16.0;
					};
				};
			};
			buildConfigurationList = 26E84C2B3712F7DFAC8AD93F /* Build configuration list */;
			compatibilityVersion = "Xcode 14.0";
			developmentRegion = en;
			hasScannedForEncodings = 0;
			knownRegions = (
				en,
				Base,
			);
			mainGroup = 361FF3508AF23F4E0CB329EA;
			packageReferences = (
				82D8E347E85B29BFCE8F9C84 /* XCRemoteSwiftPackageReference */,
			);
			productRefGroup = 31793280A19CDC7880B10A8E /* Products */;
			projectDirPath = "";
			projectRoot = "";
			targets = (
				0E8A3AD980EC179856012B7E /* ViciInbox */,
			);
		};
/* End PBXProject section */

/* Begin PBXResourcesBuildPhase section */
		C2112B99FC6905E49DE55430 /* Resources */ = {
			isa = PBXResourcesBuildPhase;
			buildActionMask = 2147483647;
			files = (
				1BB778EFCA135BD7AFD325DF /* Assets.xcassets in Resources */,
			);
			runOnlyForDeploymentPostprocessing = 0;
		};
/* End PBXResourcesBuildPhase section */

/* Begin PBXSourcesBuildPhase section */
		C2511B36F0F0E810A9E46328 /* Sources */ = {
			isa = PBXSourcesBuildPhase;
			buildActionMask = 2147483647;
			files = (
				999A028D4380B7760C1380FF /* AnalyticsViewModel.swift in Sources */,
				48EBD487BB2D3EAF525F86CC /* AppDelegate.swift in Sources */,
				94D46EF07D803F2804B076B0 /* AppearanceModel.swift in Sources */,
				068944F0A909036593638CC1 /* CampaignViewModels.swift in Sources */,
				82CD25F30A8D43F6125DC26B /* FeatureModels.swift in Sources */,
				3F101C8135A30CFF62CC81EF /* InviteLinkRouter.swift in Sources */,
				A97B2439051C136B532A821D /* MessageNotificationManager.swift in Sources */,
				8C8081511BC03481914DB0FC /* OnboardingCoordinator.swift in Sources */,
				BA540F1273CB384669C32398 /* SegmentViewModels.swift in Sources */,
				7002204D5D9B5E9C5EF420F7 /* SessionModel.swift in Sources */,
				970D5094F937CE9C0122997D /* TeamActivityModels.swift in Sources */,
				AE78437F5E7096DBFB16ACCC /* ViciInboxApp.swift in Sources */,
				CECB41CF3185F6A600E44961 /* APIClient.swift in Sources */,
				515447AE1672E23D1520326C /* AccountModels.swift in Sources */,
				9A7480CC9E78E9ADB80665BB /* AnalyticsModels.swift in Sources */,
				672C1BDF17670AA7D2A4D451 /* AppConfig.swift in Sources */,
				7F35601AE465969A0F68FEA6 /* AppearanceSchedule.swift in Sources */,
				C87378233C9E67E33B80C510 /* CampaignArchiveModels.swift in Sources */,
				04C4BC64378AAA930FEC3D3D /* CampaignModels.swift in Sources */,
				7649D086E62D19440F809802 /* CredentialStore.swift in Sources */,
				7FAFE4677ADC99E895C5821E /* ExperienceModels.swift in Sources */,
				46B19C536CF21494312C71FA /* Log.swift in Sources */,
				AF6FF65118E23D1041031AA5 /* MobileModels.swift in Sources */,
				8E122556327637AE89AA0A45 /* NotificationSettingsModels.swift in Sources */,
				65B3ADF1E77728CBD4B46C0D /* PhotoLibrarySaver.swift in Sources */,
				5A25774B04D2C7A28F1C35E7 /* SegmentModels.swift in Sources */,
				2394A621C1D33F7C104FBC99 /* SegmentRuleModels.swift in Sources */,
				6D8B6B0E50CAFA9DE92355A8 /* AcceptInvitationView.swift in Sources */,
				407EC1EBA943AF1F9A420D8B /* AccountMenuView.swift in Sources */,
				CE1FBA7A170BF3C01F0834E1 /* ActivityLogView.swift in Sources */,
				BB204649E2041AAE3E78CDA9 /* AnalyticsView.swift in Sources */,
				7A5C3535A4F4507AC9EC531F /* CampaignsView.swift in Sources */,
				BDC9CE853C975D9CCDF874F9 /* ChangePasswordView.swift in Sources */,
				BD15BE2659E20B641906312E /* DialerView.swift in Sources */,
				E4CE47A676BBC2265CE7636F /* GrowthView.swift in Sources */,
				4CC9EC71E0D96C7A1A57FDAF /* InCallView.swift in Sources */,
				A51FB6B875250CD2CFECBB8D /* InboxViews.swift in Sources */,
				5B0E624CAA9895C3DC976FB9 /* LoginView.swift in Sources */,
				2EFE3A83C91B33A5460C5843 /* OnboardingOverlay.swift in Sources */,
				C3682140C3F49B1ED06D5922 /* OnboardingSpotlight.swift in Sources */,
				98E6A1D5F5A22EC3BE873BCA /* PremiumWelcomeView.swift in Sources */,
				1B416C2554E8680E43137CE9 /* ProfileEditorView.swift in Sources */,
				1C708700D74A86EC93453679 /* RecordingPlayerView.swift in Sources */,
				D356D29D01D82EFDB2B2EB2D /* ResetPasswordView.swift in Sources */,
				2A49F6C3D66A710FE0DE2D3C /* RootView.swift in Sources */,
				C27266D64DD4254A98645704 /* SegmentDetailView.swift in Sources */,
				B578A7B91BDAA7B700D40B74 /* SegmentRuleBuilderView.swift in Sources */,
				8D64FCB9E605A013D0064675 /* SegmentsView.swift in Sources */,
				74DD34D116DB7C41A94E4999 /* SettingsView.swift in Sources */,
				A876920F5ABCD8007FFADFA9 /* TeamView.swift in Sources */,
				825B8FD52CDA4405E4019C7B /* Theme.swift in Sources */,
				54C9934EDDD806AEFB40BDB7 /* WorkspaceViews.swift in Sources */,
				2B5CDA794B004A857D5E4E5A /* CallKitCoordinator.swift in Sources */,
				B96C7CA9A795A823B293C74E /* CallModels.swift in Sources */,
				22CF206CC1A92F82751A06CF /* TelnyxVoiceManager.swift in Sources */,
			);
			runOnlyForDeploymentPostprocessing = 0;
		};
/* End PBXSourcesBuildPhase section */

/* Begin XCBuildConfiguration section */
		F93C7AA9E9B99545F767BA13 /* Debug */ = {
			isa = XCBuildConfiguration;
			buildSettings = {
				ALWAYS_SEARCH_USER_PATHS = NO;
				CLANG_ANALYZER_NONNULL = YES;
				CLANG_ENABLE_MODULES = YES;
				CLANG_ENABLE_OBJC_ARC = YES;
				CLANG_WARN_DOCUMENTATION_COMMENTS = YES;
				COPY_PHASE_STRIP = NO;
				ENABLE_STRICT_OBJC_MSGSEND = YES;
				GCC_C_LANGUAGE_STANDARD = gnu17;
				GCC_NO_COMMON_BLOCKS = YES;
				IPHONEOS_DEPLOYMENT_TARGET = 16.0;
				MTL_FAST_MATH = YES;
				SDKROOT = iphoneos;
				SWIFT_VERSION = 5.9;
				DEBUG_INFORMATION_FORMAT = dwarf;
				ENABLE_TESTABILITY = YES;
				GCC_OPTIMIZATION_LEVEL = 0;
				GCC_PREPROCESSOR_DEFINITIONS = (
									"DEBUG=1",
									"$(inherited)",
				);
				MTL_ENABLE_DEBUG_INFO = INCLUDE_SOURCE;
				ONLY_ACTIVE_ARCH = YES;
				SWIFT_ACTIVE_COMPILATION_CONDITIONS = "DEBUG $(inherited)";
				SWIFT_OPTIMIZATION_LEVEL = "-Onone";
			};
			name = Debug;
		};
		2ACD8C723DC350F8B910D0A5 /* Release */ = {
			isa = XCBuildConfiguration;
			buildSettings = {
				ALWAYS_SEARCH_USER_PATHS = NO;
				CLANG_ANALYZER_NONNULL = YES;
				CLANG_ENABLE_MODULES = YES;
				CLANG_ENABLE_OBJC_ARC = YES;
				CLANG_WARN_DOCUMENTATION_COMMENTS = YES;
				COPY_PHASE_STRIP = NO;
				ENABLE_STRICT_OBJC_MSGSEND = YES;
				GCC_C_LANGUAGE_STANDARD = gnu17;
				GCC_NO_COMMON_BLOCKS = YES;
				IPHONEOS_DEPLOYMENT_TARGET = 16.0;
				MTL_FAST_MATH = YES;
				SDKROOT = iphoneos;
				SWIFT_VERSION = 5.9;
				DEBUG_INFORMATION_FORMAT = "dwarf-with-dsym";
				ENABLE_NS_ASSERTIONS = NO;
				MTL_ENABLE_DEBUG_INFO = NO;
				SWIFT_COMPILATION_MODE = wholemodule;
				VALIDATE_PRODUCT = YES;
			};
			name = Release;
		};
		548D9D70B515C18F8B253F91 /* Debug */ = {
			isa = XCBuildConfiguration;
			buildSettings = {
				ASSETCATALOG_COMPILER_APPICON_NAME = AppIcon;
				ASSETCATALOG_COMPILER_GLOBAL_ACCENT_COLOR_NAME = AccentColor;
				CODE_SIGN_ENTITLEMENTS = ViciInbox/Resources/ViciInbox.entitlements;
				CODE_SIGN_STYLE = Automatic;
				CURRENT_PROJECT_VERSION = 1;
				DEVELOPMENT_TEAM = PQFYN2CD77;
				ENABLE_PREVIEWS = YES;
				GENERATE_INFOPLIST_FILE = NO;
				INFOPLIST_FILE = ViciInbox/Resources/Info.plist;
				LD_RUNPATH_SEARCH_PATHS = (
									"$(inherited)",
									"@executable_path/Frameworks",
				);
				MARKETING_VERSION = 1.0.0;
				PRODUCT_BUNDLE_IDENTIFIER = com.vicipeptides.inbox;
				PRODUCT_NAME = "Vici Inbox";
				SWIFT_EMIT_LOC_STRINGS = YES;
				TARGETED_DEVICE_FAMILY = 1;
			};
			name = Debug;
		};
		27D2C33D056E818B56FD33AF /* Release */ = {
			isa = XCBuildConfiguration;
			buildSettings = {
				ASSETCATALOG_COMPILER_APPICON_NAME = AppIcon;
				ASSETCATALOG_COMPILER_GLOBAL_ACCENT_COLOR_NAME = AccentColor;
				CODE_SIGN_ENTITLEMENTS = ViciInbox/Resources/ViciInbox.entitlements;
				CODE_SIGN_STYLE = Automatic;
				CURRENT_PROJECT_VERSION = 1;
				DEVELOPMENT_TEAM = PQFYN2CD77;
				ENABLE_PREVIEWS = YES;
				GENERATE_INFOPLIST_FILE = NO;
				INFOPLIST_FILE = ViciInbox/Resources/Info.plist;
				LD_RUNPATH_SEARCH_PATHS = (
									"$(inherited)",
									"@executable_path/Frameworks",
				);
				MARKETING_VERSION = 1.0.0;
				PRODUCT_BUNDLE_IDENTIFIER = com.vicipeptides.inbox;
				PRODUCT_NAME = "Vici Inbox";
				SWIFT_EMIT_LOC_STRINGS = YES;
				TARGETED_DEVICE_FAMILY = 1;
			};
			name = Release;
		};
/* End XCBuildConfiguration section */

/* Begin XCConfigurationList section */
		26E84C2B3712F7DFAC8AD93F /* Build configuration list for PBXProject "ViciInbox" */ = {
			isa = XCConfigurationList;
			buildConfigurations = (
				F93C7AA9E9B99545F767BA13 /* Debug */,
				2ACD8C723DC350F8B910D0A5 /* Release */,
			);
			defaultConfigurationIsVisible = 0;
			defaultConfigurationName = Release;
		};
		A886B50DF087AEF7B87CDC65 /* Build configuration list for PBXNativeTarget "ViciInbox" */ = {
			isa = XCConfigurationList;
			buildConfigurations = (
				548D9D70B515C18F8B253F91 /* Debug */,
				27D2C33D056E818B56FD33AF /* Release */,
			);
			defaultConfigurationIsVisible = 0;
			defaultConfigurationName = Release;
		};
/* End XCConfigurationList section */

/* Begin XCRemoteSwiftPackageReference section */
		82D8E347E85B29BFCE8F9C84 /* XCRemoteSwiftPackageReference "telnyx-webrtc-ios" */ = {
			isa = XCRemoteSwiftPackageReference;
			repositoryURL = "https://github.com/team-telnyx/telnyx-webrtc-ios";
			requirement = {
				kind = exactVersion;
				version = 4.1.2;
			};
		};
/* End XCRemoteSwiftPackageReference section */

/* Begin XCSwiftPackageProductDependency section */
		30FD16C8FEEF751AEF8AC830 /* telnyx-webrtc-ios */ = {
			isa = XCSwiftPackageProductDependency;
			package = 82D8E347E85B29BFCE8F9C84 /* XCRemoteSwiftPackageReference */;
			productName = telnyx-webrtc-ios;
		};
/* End XCSwiftPackageProductDependency section */
	};
	rootObject = 98F54143AB4E86B28C3AFEE0 /* Project object */;
}
